<Solution>
  <Project Path="OvertonesPlayground.Ontology/OvertonesPlayground.Ontology.csproj" />
  <Project Path="OvertonesPlayground.Tests/OvertonesPlayground.Tests.csproj" />
  <Project Path="OvertonesPlayground/OvertonesPlayground.csproj">
    <Deploy Solution="Debug|*" />
  </Project>
  <Project Path="tools/SampleAnalyzer/SampleAnalyzer.csproj" />
</Solution>
